<Solution>
  <Project Path="Classes_Object_Constructor_AccessModifiers/Classes_Object_Constructor_AccessModifiers_1.csproj" Id="123c042e-b0d1-4cca-be79-4098526114d2" />
  <Project Path="PartialClasseExplain/Classes_Object_Constructor_AccessModifiers_2.csproj" Id="bccf6e16-ac29-4423-92a5-d6e889aee1ad" />
  <Project Path="ProceduralVsOOPRefactor/ProceduralVsOOPRefactor.csproj" />
</Solution>
